{
    "_readme": [
        "This file locks the dependencies of your project to a known state",
        "Read more about it at https://getcomposer.org/doc/01-basic-usage.md#installing-dependencies",
        "This file is @generated automatically"
    ],
    "content-hash": "c6f41df2af188113db64b7d7457a694f",
    "packages": [
        {
            "name": "swoft/swoole-ide-helper",
            "version": "v4.4.8",
            "source": {
                "type": "git",
                "url": "https://github.com/swoft-cloud/swoole-ide-helper.git",
                "reference": "dfbe372cca6baccd362bc276aa07c5d65b2c1b36"
            },
            "dist": {
                "type": "zip",
                "url": "https://api.github.com/repos/swoft-cloud/swoole-ide-helper/zipball/dfbe372cca6baccd362bc276aa07c5d65b2c1b36",
                "reference": "dfbe372cca6baccd362bc276aa07c5d65b2c1b36",
                "shasum": ""
            },
            "type": "library",
            "notification-url": "https://packagist.org/downloads/",
            "license": [
                "Apache-2.0"
            ],
            "description": "IDE helper for Swoft and Swoole",
            "keywords": [
                "ide-helper",
                "php",
                "swoft",
                "swoole"
            ],
            "support": {
                "issues": "https://github.com/swoft-cloud/swoole-ide-helper/issues",
                "source": "https://github.com/swoft-cloud/swoole-ide-helper/tree/master"
            },
            "time": "2019-10-17T09:54:14+00:00"
        }
    ],
    "packages-dev": [],
    "aliases": [],
    "minimum-stability": "stable",
    "stability-flags": [],
    "prefer-stable": false,
    "prefer-lowest": false,
    "platform": {
        "php": ">=7.2",
        "ext-json": "*",
        "ext-swoole": ">=4.4"
    },
    "platform-dev": [],
    "plugin-api-version": "2.0.0"
}
